{
  "requires": true,
  "lockfileVersion": 1,
  "dependencies": {
    "vue": {
      "version": "2.5.17",
      "resolved": "https://registry.npmjs.org/vue/-/vue-2.5.17.tgz",
      "integrity": "sha512-mFbcWoDIJi0w0Za4emyLiW72Jae0yjANHbCVquMKijcavBGypqlF7zHRgMa5k4sesdv7hv2rB4JPdZfR+TPfhQ=="
    },
    "vue-button-effect": {
      "version": "0.0.3",
      "resolved": "https://registry.npmjs.org/vue-button-effect/-/vue-button-effect-0.0.3.tgz",
      "integrity": "sha512-JuNuFs2NB4zMd3HIHWFDyGs+J0Q8C5bAtb6BBCAObJnkHIekZiDiC6Eua3n1ZKgB2BxfEEyfHH3I6jB9u0lBgA==",
      "requires": {
        "vue": "^2.5.11",
        "vue-router": "^3.0.1"
      }
    },
    "vue-router": {
      "version": "3.0.1",
      "resolved": "https://registry.npmjs.org/vue-router/-/vue-router-3.0.1.tgz",
      "integrity": "sha512-vLLoY452L+JBpALMP5UHum9+7nzR9PeIBCghU9ZtJ1eWm6ieUI8Zb/DI3MYxH32bxkjzYV1LRjNv4qr8d+uX/w=="
    },
    "vuejs-datepicker": {
      "version": "0.9.29",
      "resolved": "https://registry.npmjs.org/vuejs-datepicker/-/vuejs-datepicker-0.9.29.tgz",
      "integrity": "sha512-9zHkUrDudf1Ej+Mkd/BtjE23R+SXU665REK30iOWmreDPXMJk8vqdhVRRHNyPYfCFaEUaDGOgZl0G83xTdwhFw=="
    }
  }
}
